
Microsoft Visual Studio Solution File, Format Version 12.00
# Visual Studio Version 18
VisualStudioVersion = 18.1.11304.174 d18.0
MinimumVisualStudioVersion = 10.0.40219.1
Project("{FAE04EC0-301F-11D3-BF4B-00C04F79EFBC}") = "MyToyAPI", "MyToyAPI.csproj", "{764A10FB-6CEE-2B0B-1D93-446BBF375808}"
EndProject
Global
	GlobalSection(SolutionConfigurationPlatforms) = preSolution
		Debug|Any CPU = Debug|Any CPU
		Release|Any CPU = Release|Any CPU
	EndGlobalSection
	GlobalSection(ProjectConfigurationPlatforms) = postSolution
		{764A10FB-6CEE-2B0B-1D93-446BBF375808}.Debug|Any CPU.ActiveCfg = Debug|Any CPU
		{764A10FB-6CEE-2B0B-1D93-446BBF375808}.Debug|Any CPU.Build.0 = Debug|Any CPU
		{764A10FB-6CEE-2B0B-1D93-446BBF375808}.Release|Any CPU.ActiveCfg = Release|Any CPU
		{764A10FB-6CEE-2B0B-1D93-446BBF375808}.Release|Any CPU.Build.0 = Release|Any CPU
	EndGlobalSection
	GlobalSection(SolutionProperties) = preSolution
		HideSolutionNode = FALSE
	EndGlobalSection
	GlobalSection(ExtensibilityGlobals) = postSolution
		SolutionGuid = {843D4687-F504-49F4-A5F3-126FA5CDEE3D}
	EndGlobalSection
EndGlobal
